{
  "name": "jack",
  "version": "1.0.0",
  "lockfileVersion": 1,
  "dependencies": {
    "@types/blessed": {
      "version": "0.1.5",
      "resolved": "https://registry.npmjs.org/@types/blessed/-/blessed-0.1.5.tgz",
      "integrity": "sha1-DZ16Pz9OgTO0Fu8TDmn9kXJBi1U=",
      "dev": true
    },
    "@types/node": {
      "version": "7.0.22",
      "resolved": "https://registry.npmjs.org/@types/node/-/node-7.0.22.tgz",
      "integrity": "sha1-RZP02Ci91hKSlHjqQMZ7T0A8olU=",
      "dev": true
    },
    "blessed": {
      "version": "0.1.81",
      "resolved": "https://registry.npmjs.org/blessed/-/blessed-0.1.81.tgz",
      "integrity": "sha1-+WLWh+wsNpVwrnGvhDJW5tDKESk="
    }
  }
}
